
Microsoft Visual Studio Solution File, Format Version 12.00
# Visual Studio Version 17
VisualStudioVersion = 17.14.36811.4
MinimumVisualStudioVersion = 10.0.40219.1
Project("{FAE04EC0-301F-11D3-BF4B-00C04F79EFBC}") = "Lab01_SystemInfo", "Lab01_SystemInfo\Lab01_SystemInfo.csproj", "{BEF3F261-9B53-4605-9BE0-42B6F6053A10}"
EndProject
Project("{2150E333-8FDC-42A3-9474-1A3956D46DE8}") = "Lab02", "Lab02", "{02EA681E-C7D8-13C7-8484-4AC65E1B71E8}"
EndProject
Project("{FAE04EC0-301F-11D3-BF4B-00C04F79EFBC}") = "Question01", "Lab02\Question01\Question01.csproj", "{1119BBA1-D49A-44A8-B2FD-9D14E21B062D}"
EndProject
Project("{FAE04EC0-301F-11D3-BF4B-00C04F79EFBC}") = "Question02", "Lab02\Question02\Question02.csproj", "{A191A54E-A7F5-75E8-0B54-05562207CC81}"
EndProject
Project("{FAE04EC0-301F-11D3-BF4B-00C04F79EFBC}") = "Question03", "Lab02\Question03\Question03.csproj", "{CDF15F36-C9B1-EBFA-4EF6-8F08251746BA}"
EndProject
Project("{FAE04EC0-301F-11D3-BF4B-00C04F79EFBC}") = "Question04", "Lab02\Question04\Question04.csproj", "{90A809D8-FE55-2895-AAF2-B1A507AB5502}"
EndProject
Project("{FAE04EC0-301F-11D3-BF4B-00C04F79EFBC}") = "Question05", "Lab02\Question05\Question05.csproj", "{C024ECFB-C78C-40BF-AE88-9BAD145C8D2C}"
EndProject
Global
	GlobalSection(SolutionConfigurationPlatforms) = preSolution
		Debug|Any CPU = Debug|Any CPU
		Release|Any CPU = Release|Any CPU
	EndGlobalSection
	GlobalSection(ProjectConfigurationPlatforms) = postSolution
		{BEF3F261-9B53-4605-9BE0-42B6F6053A10}.Debug|Any CPU.ActiveCfg = Debug|Any CPU
		{BEF3F261-9B53-4605-9BE0-42B6F6053A10}.Debug|Any CPU.Build.0 = Debug|Any CPU
		{BEF3F261-9B53-4605-9BE0-42B6F6053A10}.Release|Any CPU.ActiveCfg = Release|Any CPU
		{BEF3F261-9B53-4605-9BE0-42B6F6053A10}.Release|Any CPU.Build.0 = Release|Any CPU
		{1119BBA1-D49A-44A8-B2FD-9D14E21B062D}.Debug|Any CPU.ActiveCfg = Debug|Any CPU
		{1119BBA1-D49A-44A8-B2FD-9D14E21B062D}.Debug|Any CPU.Build.0 = Debug|Any CPU
		{1119BBA1-D49A-44A8-B2FD-9D14E21B062D}.Release|Any CPU.ActiveCfg = Release|Any CPU
		{1119BBA1-D49A-44A8-B2FD-9D14E21B062D}.Release|Any CPU.Build.0 = Release|Any CPU
		{A191A54E-A7F5-75E8-0B54-05562207CC81}.Debug|Any CPU.ActiveCfg = Debug|Any CPU
		{A191A54E-A7F5-75E8-0B54-05562207CC81}.Debug|Any CPU.Build.0 = Debug|Any CPU
		{A191A54E-A7F5-75E8-0B54-05562207CC81}.Release|Any CPU.ActiveCfg = Release|Any CPU
		{A191A54E-A7F5-75E8-0B54-05562207CC81}.Release|Any CPU.Build.0 = Release|Any CPU
		{CDF15F36-C9B1-EBFA-4EF6-8F08251746BA}.Debug|Any CPU.ActiveCfg = Debug|Any CPU
		{CDF15F36-C9B1-EBFA-4EF6-8F08251746BA}.Debug|Any CPU.Build.0 = Debug|Any CPU
		{CDF15F36-C9B1-EBFA-4EF6-8F08251746BA}.Release|Any CPU.ActiveCfg = Release|Any CPU
		{CDF15F36-C9B1-EBFA-4EF6-8F08251746BA}.Release|Any CPU.Build.0 = Release|Any CPU
		{90A809D8-FE55-2895-AAF2-B1A507AB5502}.Debug|Any CPU.ActiveCfg = Debug|Any CPU
		{90A809D8-FE55-2895-AAF2-B1A507AB5502}.Debug|Any CPU.Build.0 = Debug|Any CPU
		{90A809D8-FE55-2895-AAF2-B1A507AB5502}.Release|Any CPU.ActiveCfg = Release|Any CPU
		{90A809D8-FE55-2895-AAF2-B1A507AB5502}.Release|Any CPU.Build.0 = Release|Any CPU
		{C024ECFB-C78C-40BF-AE88-9BAD145C8D2C}.Debug|Any CPU.ActiveCfg = Debug|Any CPU
		{C024ECFB-C78C-40BF-AE88-9BAD145C8D2C}.Debug|Any CPU.Build.0 = Debug|Any CPU
		{C024ECFB-C78C-40BF-AE88-9BAD145C8D2C}.Release|Any CPU.ActiveCfg = Release|Any CPU
		{C024ECFB-C78C-40BF-AE88-9BAD145C8D2C}.Release|Any CPU.Build.0 = Release|Any CPU
	EndGlobalSection
	GlobalSection(SolutionProperties) = preSolution
		HideSolutionNode = FALSE
	EndGlobalSection
	GlobalSection(NestedProjects) = preSolution
		{1119BBA1-D49A-44A8-B2FD-9D14E21B062D} = {02EA681E-C7D8-13C7-8484-4AC65E1B71E8}
		{A191A54E-A7F5-75E8-0B54-05562207CC81} = {02EA681E-C7D8-13C7-8484-4AC65E1B71E8}
		{CDF15F36-C9B1-EBFA-4EF6-8F08251746BA} = {02EA681E-C7D8-13C7-8484-4AC65E1B71E8}
		{90A809D8-FE55-2895-AAF2-B1A507AB5502} = {02EA681E-C7D8-13C7-8484-4AC65E1B71E8}
		{C024ECFB-C78C-40BF-AE88-9BAD145C8D2C} = {02EA681E-C7D8-13C7-8484-4AC65E1B71E8}
	EndGlobalSection
	GlobalSection(ExtensibilityGlobals) = postSolution
		SolutionGuid = {6B329B83-CBD2-4B01-80F8-58EB8551A84D}
	EndGlobalSection
EndGlobal
